# This file is automatically @generated by Cargo.
# It is not intended for manual editing.
version = 4

[[package]]
name = "meta-swap-application"
version = "0.1.0"
dependencies = [
 "meta-swap-domain",
]

[[package]]
name = "meta-swap-domain"
version = "0.1.0"

[[package]]
name = "meta-swap-presentation"
version = "0.1.0"

[[package]]
name = "meta-swap-runtime"
version = "0.1.0"
